
Microsoft Visual Studio Solution File, Format Version 12.00
# Visual Studio 15
VisualStudioVersion = 15.0.27130.2003
MinimumVisualStudioVersion = 10.0.40219.1
Project("{E24C65DC-7377-472B-9ABA-BC803B73C61A}") = "InventoryManagement", "InventoryManagement\", "{B8C25DB8-BD5B-4BCA-AF03-7F019E44A8C0}"
	ProjectSection(WebsiteProperties) = preProject
		TargetFrameworkMoniker = ".NETFramework,Version%3Dv4.6.1"
		Debug.AspNetCompiler.VirtualPath = "/localhost_11925"
		Debug.AspNetCompiler.PhysicalPath = "InventoryManagement\"
		Debug.AspNetCompiler.TargetPath = "PrecompiledWeb\localhost_11925\"
		Debug.AspNetCompiler.Updateable = "true"
		Debug.AspNetCompiler.ForceOverwrite = "true"
		Debug.AspNetCompiler.FixedNames = "false"
		Debug.AspNetCompiler.Debug = "True"
		Release.AspNetCompiler.VirtualPath = "/localhost_11925"
		Release.AspNetCompiler.PhysicalPath = "InventoryManagement\"
		Release.AspNetCompiler.TargetPath = "PrecompiledWeb\localhost_11925\"
		Release.AspNetCompiler.Updateable = "true"
		Release.AspNetCompiler.ForceOverwrite = "true"
		Release.AspNetCompiler.FixedNames = "false"
		Release.AspNetCompiler.Debug = "False"
		VWDPort = "11925"
		SlnRelativePath = "InventoryManagement\"
		DefaultWebSiteLanguage = "Visual C#"
	EndProjectSection
EndProject
Global
	GlobalSection(SolutionConfigurationPlatforms) = preSolution
		Debug|Any CPU = Debug|Any CPU
	EndGlobalSection
	GlobalSection(ProjectConfigurationPlatforms) = postSolution
		{B8C25DB8-BD5B-4BCA-AF03-7F019E44A8C0}.Debug|Any CPU.ActiveCfg = Debug|Any CPU
		{B8C25DB8-BD5B-4BCA-AF03-7F019E44A8C0}.Debug|Any CPU.Build.0 = Debug|Any CPU
	EndGlobalSection
	GlobalSection(SolutionProperties) = preSolution
		HideSolutionNode = FALSE
	EndGlobalSection
	GlobalSection(ExtensibilityGlobals) = postSolution
		SolutionGuid = {C1F2A2D1-4FB8-4C73-ADC5-46D33B788F75}
	EndGlobalSection
EndGlobal
